
Microsoft Visual Studio Solution File, Format Version 12.00
# Visual Studio Version 17
VisualStudioVersion = 17.2.32516.85
MinimumVisualStudioVersion = 10.0.40219.1
Project("{FAE04EC0-301F-11D3-BF4B-00C04F79EFBC}") = "projServer", "projServer\projServer.csproj", "{AA318310-5183-4F40-B5B0-9E426844F21D}"
EndProject
Global
	GlobalSection(SolutionConfigurationPlatforms) = preSolution
		Debug|Any CPU = Debug|Any CPU
		Release|Any CPU = Release|Any CPU
	EndGlobalSection
	GlobalSection(ProjectConfigurationPlatforms) = postSolution
		{AA318310-5183-4F40-B5B0-9E426844F21D}.Debug|Any CPU.ActiveCfg = Debug|Any CPU
		{AA318310-5183-4F40-B5B0-9E426844F21D}.Debug|Any CPU.Build.0 = Debug|Any CPU
		{AA318310-5183-4F40-B5B0-9E426844F21D}.Release|Any CPU.ActiveCfg = Release|Any CPU
		{AA318310-5183-4F40-B5B0-9E426844F21D}.Release|Any CPU.Build.0 = Release|Any CPU
	EndGlobalSection
	GlobalSection(SolutionProperties) = preSolution
		HideSolutionNode = FALSE
	EndGlobalSection
	GlobalSection(ExtensibilityGlobals) = postSolution
		SolutionGuid = {44625B16-3509-417F-A908-D0D5B5B5CDEC}
	EndGlobalSection
EndGlobal
